// !$*UTF8*$!
{
	archiveVersion = 1;
	classes = {
	};
	objectVersion = 56;
	objects = {

/* Begin PBXBuildFile section */
		BD3B7BFD29E58AFE00086B15 /* FirebaseStorageManager.swift in Sources */ = {isa = PBXBuildFile; fileRef = BD3B7BFC29E58AFE00086B15 /* FirebaseStorageManager.swift */; };
		BD93E62E29E188B800C2FA09 /* AppDelegate.swift in Sources */ = {isa = PBXBuildFile; fileRef = BD93E62D29E188B800C2FA09 /* AppDelegate.swift */; };
		BD93E63029E188B800C2FA09 /* SceneDelegate.swift in Sources */ = {isa = PBXBuildFile; fileRef = BD93E62F29E188B800C2FA09 /* SceneDelegate.swift */; };
		BD93E63229E188B800C2FA09 /* LoginViewController.swift in Sources */ = {isa = PBXBuildFile; fileRef = BD93E63129E188B800C2FA09 /* LoginViewController.swift */; };
		BD93E63529E188B800C2FA09 /* Main.storyboard in Resources */ = {isa = PBXBuildFile; fileRef = BD93E63329E188B800C2FA09 /* Main.storyboard */; };
		BD93E63A29E188BA00C2FA09 /* Assets.xcassets in Resources */ = {isa = PBXBuildFile; fileRef = BD93E63929E188BA00C2FA09 /* Assets.xcassets */; };
		BD93E63D29E188BA00C2FA09 /* LaunchScreen.storyboard in Resources */ = {isa = PBXBuildFile; fileRef = BD93E63B29E188BA00C2FA09 /* LaunchScreen.storyboard */; };
		BD93E64529E18CF400C2FA09 /* EnterEmailViewController.swift in Sources */ = {isa = PBXBuildFile; fileRef = BD93E64429E18CF400C2FA09 /* EnterEmailViewController.swift */; };
		BD93E64729E18D2800C2FA09 /* MainViewController.swift in Sources */ = {isa = PBXBuildFile; fileRef = BD93E64629E18D2800C2FA09 /* MainViewController.swift */; };
		BD93E64A29E19DD500C2FA09 /* MainVCCell.swift in Sources */ = {isa = PBXBuildFile; fileRef = BD93E64929E19DD500C2FA09 /* MainVCCell.swift */; };
		BD93E64D29E1A4A200C2FA09 /* WriteViewController.swift in Sources */ = {isa = PBXBuildFile; fileRef = BD93E64C29E1A4A200C2FA09 /* WriteViewController.swift */; };
		BD93E64F29E1AA2600C2FA09 /* WriteVCCell.swift in Sources */ = {isa = PBXBuildFile; fileRef = BD93E64E29E1AA2600C2FA09 /* WriteVCCell.swift */; };
		BD93E65429E2770600C2FA09 /* DetailCollectionViewCell.swift in Sources */ = {isa = PBXBuildFile; fileRef = BD93E65329E2770600C2FA09 /* DetailCollectionViewCell.swift */; };
		BD93E65629E2775A00C2FA09 /* DetailViewController.swift in Sources */ = {isa = PBXBuildFile; fileRef = BD93E65529E2775A00C2FA09 /* DetailViewController.swift */; };
		BD93E65829E27F2800C2FA09 /* DetailTableViewCell.swift in Sources */ = {isa = PBXBuildFile; fileRef = BD93E65729E27F2800C2FA09 /* DetailTableViewCell.swift */; };
		BD93E6DE29E3F15C00C2FA09 /* GoogleService-Info.plist in Resources */ = {isa = PBXBuildFile; fileRef = BD93E6DD29E3F15C00C2FA09 /* GoogleService-Info.plist */; };
		BD93E6FF29E519BF00C2FA09 /* SettingViewController.swift in Sources */ = {isa = PBXBuildFile; fileRef = BD93E6FE29E519BF00C2FA09 /* SettingViewController.swift */; };
		BD93E70329E5357C00C2FA09 /* FirebaseAnalytics in Frameworks */ = {isa = PBXBuildFile; productRef = BD93E70229E5357C00C2FA09 /* FirebaseAnalytics */; };
		BD93E70529E5357C00C2FA09 /* FirebaseAnalyticsSwift in Frameworks */ = {isa = PBXBuildFile; productRef = BD93E70429E5357C00C2FA09 /* FirebaseAnalyticsSwift */; };
		BD93E70729E5357C00C2FA09 /* FirebaseAuth in Frameworks */ = {isa = PBXBuildFile; productRef = BD93E70629E5357C00C2FA09 /* FirebaseAuth */; };
		BD93E70929E5357C00C2FA09 /* FirebaseDatabase in Frameworks */ = {isa = PBXBuildFile; productRef = BD93E70829E5357C00C2FA09 /* FirebaseDatabase */; };
		BD93E70B29E5357C00C2FA09 /* FirebaseDatabaseSwift in Frameworks */ = {isa = PBXBuildFile; productRef = BD93E70A29E5357C00C2FA09 /* FirebaseDatabaseSwift */; };
		BD93E70D29E5357C00C2FA09 /* FirebaseFirestore in Frameworks */ = {isa = PBXBuildFile; productRef = BD93E70C29E5357C00C2FA09 /* FirebaseFirestore */; };
		BD93E70F29E5357C00C2FA09 /* FirebaseFirestoreSwift in Frameworks */ = {isa = PBXBuildFile; productRef = BD93E70E29E5357C00C2FA09 /* FirebaseFirestoreSwift */; };
		BD93E71129E5357C00C2FA09 /* FirebaseStorage in Frameworks */ = {isa = PBXBuildFile; productRef = BD93E71029E5357C00C2FA09 /* FirebaseStorage */; };
		BDB9414429E5484600F2EFAE /* GoogleSignIn in Frameworks */ = {isa = PBXBuildFile; productRef = BDB9414329E5484600F2EFAE /* GoogleSignIn */; };
		BDB9414629E5484600F2EFAE /* GoogleSignInSwift in Frameworks */ = {isa = PBXBuildFile; productRef = BDB9414529E5484600F2EFAE /* GoogleSignInSwift */; };
/* End PBXBuildFile section */

/* Begin PBXFileReference section */
		BD3B7BFC29E58AFE00086B15 /* FirebaseStorageManager.swift */ = {isa = PBXFileReference; lastKnownFileType = sourcecode.swift; path = FirebaseStorageManager.swift; sourceTree = "<group>"; };
		BD93E62A29E188B800C2FA09 /* WhatIsThis3.app */ = {isa = PBXFileReference; explicitFileType = wrapper.application; includeInIndex = 0; path = WhatIsThis3.app; sourceTree = BUILT_PRODUCTS_DIR; };
		BD93E62D29E188B800C2FA09 /* AppDelegate.swift */ = {isa = PBXFileReference; lastKnownFileType = sourcecode.swift; path = AppDelegate.swift; sourceTree = "<group>"; };
		BD93E62F29E188B800C2FA09 /* SceneDelegate.swift */ = {isa = PBXFileReference; lastKnownFileType = sourcecode.swift; path = SceneDelegate.swift; sourceTree = "<group>"; };
		BD93E63129E188B800C2FA09 /* LoginViewController.swift */ = {isa = PBXFileReference; lastKnownFileType = sourcecode.swift; path = LoginViewController.swift; sourceTree = "<group>"; };
		BD93E63429E188B800C2FA09 /* Base */ = {isa = PBXFileReference; lastKnownFileType = file.storyboard; name = Base; path = Base.lproj/Main.storyboard; sourceTree = "<group>"; };
		BD93E63929E188BA00C2FA09 /* Assets.xcassets */ = {isa = PBXFileReference; lastKnownFileType = folder.assetcatalog; path = Assets.xcassets; sourceTree = "<group>"; };
		BD93E63C29E188BA00C2FA09 /* Base */ = {isa = PBXFileReference; lastKnownFileType = file.storyboard; name = Base; path = Base.lproj/LaunchScreen.storyboard; sourceTree = "<group>"; };
		BD93E63E29E188BA00C2FA09 /* Info.plist */ = {isa = PBXFileReference; lastKnownFileType = text.plist.xml; path = Info.plist; sourceTree = "<group>"; };
		BD93E64429E18CF400C2FA09 /* EnterEmailViewController.swift */ = {isa = PBXFileReference; lastKnownFileType = sourcecode.swift; path = EnterEmailViewController.swift; sourceTree = "<group>"; };
		BD93E64629E18D2800C2FA09 /* MainViewController.swift */ = {isa = PBXFileReference; lastKnownFileType = sourcecode.swift; path = MainViewController.swift; sourceTree = "<group>"; };
		BD93E64929E19DD500C2FA09 /* MainVCCell.swift */ = {isa = PBXFileReference; lastKnownFileType = sourcecode.swift; path = MainVCCell.swift; sourceTree = "<group>"; };
		BD93E64C29E1A4A200C2FA09 /* WriteViewController.swift */ = {isa = PBXFileReference; lastKnownFileType = sourcecode.swift; path = WriteViewController.swift; sourceTree = "<group>"; };
		BD93E64E29E1AA2600C2FA09 /* WriteVCCell.swift */ = {isa = PBXFileReference; lastKnownFileType = sourcecode.swift; path = WriteVCCell.swift; sourceTree = "<group>"; };
		BD93E65329E2770600C2FA09 /* DetailCollectionViewCell.swift */ = {isa = PBXFileReference; lastKnownFileType = sourcecode.swift; path = DetailCollectionViewCell.swift; sourceTree = "<group>"; };
		BD93E65529E2775A00C2FA09 /* DetailViewController.swift */ = {isa = PBXFileReference; lastKnownFileType = sourcecode.swift; path = DetailViewController.swift; sourceTree = "<group>"; };
		BD93E65729E27F2800C2FA09 /* DetailTableViewCell.swift */ = {isa = PBXFileReference; lastKnownFileType = sourcecode.swift; path = DetailTableViewCell.swift; sourceTree = "<group>"; };
		BD93E6DD29E3F15C00C2FA09 /* GoogleService-Info.plist */ = {isa = PBXFileReference; fileEncoding = 4; lastKnownFileType = text.plist.xml; path = "GoogleService-Info.plist"; sourceTree = "<group>"; };
		BD93E6FE29E519BF00C2FA09 /* SettingViewController.swift */ = {isa = PBXFileReference; lastKnownFileType = sourcecode.swift; path = SettingViewController.swift; sourceTree = "<group>"; };
		BD93E70029E5285F00C2FA09 /* WhatIsThis3.entitlements */ = {isa = PBXFileReference; lastKnownFileType = text.plist.entitlements; path = WhatIsThis3.entitlements; sourceTree = "<group>"; };
/* End PBXFileReference section */

/* Begin PBXFrameworksBuildPhase section */
		BD93E62729E188B800C2FA09 /* Frameworks */ = {
			isa = PBXFrameworksBuildPhase;
			buildActionMask = 2147483647;
			files = (
				BD93E70B29E5357C00C2FA09 /* FirebaseDatabaseSwift in Frameworks */,
				BD93E70929E5357C00C2FA09 /* FirebaseDatabase in Frameworks */,
				BD93E71129E5357C00C2FA09 /* FirebaseStorage in Frameworks */,
				BD93E70529E5357C00C2FA09 /* FirebaseAnalyticsSwift in Frameworks */,
				BD93E70329E5357C00C2FA09 /* FirebaseAnalytics in Frameworks */,
				BDB9414629E5484600F2EFAE /* GoogleSignInSwift in Frameworks */,
				BD93E70729E5357C00C2FA09 /* FirebaseAuth in Frameworks */,
				BD93E70D29E5357C00C2FA09 /* FirebaseFirestore in Frameworks */,
				BD93E70F29E5357C00C2FA09 /* FirebaseFirestoreSwift in Frameworks */,
				BDB9414429E5484600F2EFAE /* GoogleSignIn in Frameworks */,
			);
			runOnlyForDeploymentPostprocessing = 0;
		};
/* End PBXFrameworksBuildPhase section */

/* Begin PBXGroup section */
		BD93E62129E188B800C2FA09 = {
			isa = PBXGroup;
			children = (
				BD93E62C29E188B800C2FA09 /* WhatIsThis3 */,
				BD93E62B29E188B800C2FA09 /* Products */,
			);
			sourceTree = "<group>";
		};
		BD93E62B29E188B800C2FA09 /* Products */ = {
			isa = PBXGroup;
			children = (
				BD93E62A29E188B800C2FA09 /* WhatIsThis3.app */,
			);
			name = Products;
			sourceTree = "<group>";
		};
		BD93E62C29E188B800C2FA09 /* WhatIsThis3 */ = {
			isa = PBXGroup;
			children = (
				BD93E70029E5285F00C2FA09 /* WhatIsThis3.entitlements */,
				BD93E62D29E188B800C2FA09 /* AppDelegate.swift */,
				BD93E62F29E188B800C2FA09 /* SceneDelegate.swift */,
				BD93E64B29E19DDC00C2FA09 /* Cells */,
				BD93E64829E1936C00C2FA09 /* Scenes */,
				BD93E63329E188B800C2FA09 /* Main.storyboard */,
				BD93E63929E188BA00C2FA09 /* Assets.xcassets */,
				BD93E63B29E188BA00C2FA09 /* LaunchScreen.storyboard */,
				BD93E63E29E188BA00C2FA09 /* Info.plist */,
				BD93E6DD29E3F15C00C2FA09 /* GoogleService-Info.plist */,
				BD3B7BFC29E58AFE00086B15 /* FirebaseStorageManager.swift */,
			);
			path = WhatIsThis3;
			sourceTree = "<group>";
		};
		BD93E64829E1936C00C2FA09 /* Scenes */ = {
			isa = PBXGroup;
			children = (
				BD93E63129E188B800C2FA09 /* LoginViewController.swift */,
				BD93E64429E18CF400C2FA09 /* EnterEmailViewController.swift */,
				BD93E64629E18D2800C2FA09 /* MainViewController.swift */,
				BD93E64C29E1A4A200C2FA09 /* WriteViewController.swift */,
				BD93E65529E2775A00C2FA09 /* DetailViewController.swift */,
				BD93E6FE29E519BF00C2FA09 /* SettingViewController.swift */,
			);
			path = Scenes;
			sourceTree = "<group>";
		};
		BD93E64B29E19DDC00C2FA09 /* Cells */ = {
			isa = PBXGroup;
			children = (
				BD93E64929E19DD500C2FA09 /* MainVCCell.swift */,
				BD93E64E29E1AA2600C2FA09 /* WriteVCCell.swift */,
				BD93E65329E2770600C2FA09 /* DetailCollectionViewCell.swift */,
				BD93E65729E27F2800C2FA09 /* DetailTableViewCell.swift */,
			);
			path = Cells;
			sourceTree = "<group>";
		};
/* End PBXGroup section */

/* Begin PBXNativeTarget section */
		BD93E62929E188B800C2FA09 /* WhatIsThis3 */ = {
			isa = PBXNativeTarget;
			buildConfigurationList = BD93E64129E188BA00C2FA09 /* Build configuration list for PBXNativeTarget "WhatIsThis3" */;
			buildPhases = (
				BD93E62629E188B800C2FA09 /* Sources */,
				BD93E62729E188B800C2FA09 /* Frameworks */,
				BD93E62829E188B800C2FA09 /* Resources */,
			);
			buildRules = (
			);
			dependencies = (
			);
			name = WhatIsThis3;
			packageProductDependencies = (
				BD93E70229E5357C00C2FA09 /* FirebaseAnalytics */,
				BD93E70429E5357C00C2FA09 /* FirebaseAnalyticsSwift */,
				BD93E70629E5357C00C2FA09 /* FirebaseAuth */,
				BD93E70829E5357C00C2FA09 /* FirebaseDatabase */,
				BD93E70A29E5357C00C2FA09 /* FirebaseDatabaseSwift */,
				BD93E70C29E5357C00C2FA09 /* FirebaseFirestore */,
				BD93E70E29E5357C00C2FA09 /* FirebaseFirestoreSwift */,
				BD93E71029E5357C00C2FA09 /* FirebaseStorage */,
				BDB9414329E5484600F2EFAE /* GoogleSignIn */,
				BDB9414529E5484600F2EFAE /* GoogleSignInSwift */,
			);
			productName = WhatIsThis3;
			productReference = BD93E62A29E188B800C2FA09 /* WhatIsThis3.app */;
			productType = "com.apple.product-type.application";
		};
/* End PBXNativeTarget section */

/* Begin PBXProject section */
		BD93E62229E188B800C2FA09 /* Project object */ = {
			isa = PBXProject;
			attributes = {
				BuildIndependentTargetsInParallel = 1;
				LastSwiftUpdateCheck = 1430;
				LastUpgradeCheck = 1430;
				TargetAttributes = {
					BD93E62929E188B800C2FA09 = {
						CreatedOnToolsVersion = 14.3;
					};
				};
			};
			buildConfigurationList = BD93E62529E188B800C2FA09 /* Build configuration list for PBXProject "WhatIsThis3" */;
			compatibilityVersion = "Xcode 14.0";
			developmentRegion = en;
			hasScannedForEncodings = 0;
			knownRegions = (
				en,
				Base,
			);
			mainGroup = BD93E62129E188B800C2FA09;
			packageReferences = (
				BD93E70129E5357C00C2FA09 /* XCRemoteSwiftPackageReference "firebase-ios-sdk" */,
				BDB9414229E5484600F2EFAE /* XCRemoteSwiftPackageReference "GoogleSignIn-iOS" */,
			);
			productRefGroup = BD93E62B29E188B800C2FA09 /* Products */;
			projectDirPath = "";
			projectRoot = "";
			targets = (
				BD93E62929E188B800C2FA09 /* WhatIsThis3 */,
			);
		};
/* End PBXProject section */

/* Begin PBXResourcesBuildPhase section */
		BD93E62829E188B800C2FA09 /* Resources */ = {
			isa = PBXResourcesBuildPhase;
			buildActionMask = 2147483647;
			files = (
				BD93E63D29E188BA00C2FA09 /* LaunchScreen.storyboard in Resources */,
				BD93E6DE29E3F15C00C2FA09 /* GoogleService-Info.plist in Resources */,
				BD93E63A29E188BA00C2FA09 /* Assets.xcassets in Resources */,
				BD93E63529E188B800C2FA09 /* Main.storyboard in Resources */,
			);
			runOnlyForDeploymentPostprocessing = 0;
		};
/* End PBXResourcesBuildPhase section */

/* Begin PBXSourcesBuildPhase section */
		BD93E62629E188B800C2FA09 /* Sources */ = {
			isa = PBXSourcesBuildPhase;
			buildActionMask = 2147483647;
			files = (
				BD93E65629E2775A00C2FA09 /* DetailViewController.swift in Sources */,
				BD93E63229E188B800C2FA09 /* LoginViewController.swift in Sources */,
				BD93E65429E2770600C2FA09 /* DetailCollectionViewCell.swift in Sources */,
				BD93E62E29E188B800C2FA09 /* AppDelegate.swift in Sources */,
				BD93E63029E188B800C2FA09 /* SceneDelegate.swift in Sources */,
				BD3B7BFD29E58AFE00086B15 /* FirebaseStorageManager.swift in Sources */,
				BD93E6FF29E519BF00C2FA09 /* SettingViewController.swift in Sources */,
				BD93E64729E18D2800C2FA09 /* MainViewController.swift in Sources */,
				BD93E65829E27F2800C2FA09 /* DetailTableViewCell.swift in Sources */,
				BD93E64A29E19DD500C2FA09 /* MainVCCell.swift in Sources */,
				BD93E64529E18CF400C2FA09 /* EnterEmailViewController.swift in Sources */,
				BD93E64D29E1A4A200C2FA09 /* WriteViewController.swift in Sources */,
				BD93E64F29E1AA2600C2FA09 /* WriteVCCell.swift in Sources */,
			);
			runOnlyForDeploymentPostprocessing = 0;
		};
/* End PBXSourcesBuildPhase section */

/* Begin PBXVariantGroup section */
		BD93E63329E188B800C2FA09 /* Main.storyboard */ = {
			isa = PBXVariantGroup;
			children = (
				BD93E63429E188B800C2FA09 /* Base */,
			);
			name = Main.storyboard;
			sourceTree = "<group>";
		};
		BD93E63B29E188BA00C2FA09 /* LaunchScreen.storyboard */ = {
			isa = PBXVariantGroup;
			children = (
				BD93E63C29E188BA00C2FA09 /* Base */,
			);
			name = LaunchScreen.storyboard;
			sourceTree = "<group>";
		};
/* End PBXVariantGroup section */

/* Begin XCBuildConfiguration section */
		BD93E63F29E188BA00C2FA09 /* Debug */ = {
			isa = XCBuildConfiguration;
			buildSettings = {
				ALWAYS_SEARCH_USER_PATHS = NO;
				CLANG_ANALYZER_NONNULL = YES;
				CLANG_ANALYZER_NUMBER_OBJECT_CONVERSION = YES_AGGRESSIVE;
				CLANG_CXX_LANGUAGE_STANDARD = "gnu++20";
				CLANG_ENABLE_MODULES = YES;
				CLANG_ENABLE_OBJC_ARC = YES;
				CLANG_ENABLE_OBJC_WEAK = YES;
				CLANG_WARN_BLOCK_CAPTURE_AUTORELEASING = YES;
				CLANG_WARN_BOOL_CONVERSION = YES;
				CLANG_WARN_COMMA = YES;
				CLANG_WARN_CONSTANT_CONVERSION = YES;
				CLANG_WARN_DEPRECATED_OBJC_IMPLEMENTATIONS = YES;
				CLANG_WARN_DIRECT_OBJC_ISA_USAGE = YES_ERROR;
				CLANG_WARN_DOCUMENTATION_COMMENTS = YES;
				CLANG_WARN_EMPTY_BODY = YES;
				CLANG_WARN_ENUM_CONVERSION = YES;
				CLANG_WARN_INFINITE_RECURSION = YES;
				CLANG_WARN_INT_CONVERSION = YES;
				CLANG_WARN_NON_LITERAL_NULL_CONVERSION = YES;
				CLANG_WARN_OBJC_IMPLICIT_RETAIN_SELF = YES;
				CLANG_WARN_OBJC_LITERAL_CONVERSION = YES;
				CLANG_WARN_OBJC_ROOT_CLASS = YES_ERROR;
				CLANG_WARN_QUOTED_INCLUDE_IN_FRAMEWORK_HEADER = YES;
				CLANG_WARN_RANGE_LOOP_ANALYSIS = YES;
				CLANG_WARN_STRICT_PROTOTYPES = YES;
				CLANG_WARN_SUSPICIOUS_MOVE = YES;
				CLANG_WARN_UNGUARDED_AVAILABILITY = YES_AGGRESSIVE;
				CLANG_WARN_UNREACHABLE_CODE = YES;
				CLANG_WARN__DUPLICATE_METHOD_MATCH = YES;
				COPY_PHASE_STRIP = NO;
				DEBUG_INFORMATION_FORMAT = dwarf;
				ENABLE_STRICT_OBJC_MSGSEND = YES;
				ENABLE_TESTABILITY = YES;
				GCC_C_LANGUAGE_STANDARD = gnu11;
				GCC_DYNAMIC_NO_PIC = NO;
				GCC_NO_COMMON_BLOCKS = YES;
				GCC_OPTIMIZATION_LEVEL = 0;
				GCC_PREPROCESSOR_DEFINITIONS = (
					"DEBUG=1",
					"$(inherited)",
				);
				GCC_WARN_64_TO_32_BIT_CONVERSION = YES;
				GCC_WARN_ABOUT_RETURN_TYPE = YES_ERROR;
				GCC_WARN_UNDECLARED_SELECTOR = YES;
				GCC_WARN_UNINITIALIZED_AUTOS = YES_AGGRESSIVE;
				GCC_WARN_UNUSED_FUNCTION = YES;
				GCC_WARN_UNUSED_VARIABLE = YES;
				IPHONEOS_DEPLOYMENT_TARGET = 16.4;
				MTL_ENABLE_DEBUG_INFO = INCLUDE_SOURCE;
				MTL_FAST_MATH = YES;
				ONLY_ACTIVE_ARCH = YES;
				SDKROOT = iphoneos;
				SWIFT_ACTIVE_COMPILATION_CONDITIONS = DEBUG;
				SWIFT_OPTIMIZATION_LEVEL = "-Onone";
			};
			name = Debug;
		};
		BD93E64029E188BA00C2FA09 /* Release */ = {
			isa = XCBuildConfiguration;
			buildSettings = {
				ALWAYS_SEARCH_USER_PATHS = NO;
				CLANG_ANALYZER_NONNULL = YES;
				CLANG_ANALYZER_NUMBER_OBJECT_CONVERSION = YES_AGGRESSIVE;
				CLANG_CXX_LANGUAGE_STANDARD = "gnu++20";
				CLANG_ENABLE_MODULES = YES;
				CLANG_ENABLE_OBJC_ARC = YES;
				CLANG_ENABLE_OBJC_WEAK = YES;
				CLANG_WARN_BLOCK_CAPTURE_AUTORELEASING = YES;
				CLANG_WARN_BOOL_CONVERSION = YES;
				CLANG_WARN_COMMA = YES;
				CLANG_WARN_CONSTANT_CONVERSION = YES;
				CLANG_WARN_DEPRECATED_OBJC_IMPLEMENTATIONS = YES;
				CLANG_WARN_DIRECT_OBJC_ISA_USAGE = YES_ERROR;
				CLANG_WARN_DOCUMENTATION_COMMENTS = YES;
				CLANG_WARN_EMPTY_BODY = YES;
				CLANG_WARN_ENUM_CONVERSION = YES;
				CLANG_WARN_INFINITE_RECURSION = YES;
				CLANG_WARN_INT_CONVERSION = YES;
				CLANG_WARN_NON_LITERAL_NULL_CONVERSION = YES;
				CLANG_WARN_OBJC_IMPLICIT_RETAIN_SELF = YES;
				CLANG_WARN_OBJC_LITERAL_CONVERSION = YES;
				CLANG_WARN_OBJC_ROOT_CLASS = YES_ERROR;
				CLANG_WARN_QUOTED_INCLUDE_IN_FRAMEWORK_HEADER = YES;
				CLANG_WARN_RANGE_LOOP_ANALYSIS = YES;
				CLANG_WARN_STRICT_PROTOTYPES = YES;
				CLANG_WARN_SUSPICIOUS_MOVE = YES;
				CLANG_WARN_UNGUARDED_AVAILABILITY = YES_AGGRESSIVE;
				CLANG_WARN_UNREACHABLE_CODE = YES;
				CLANG_WARN__DUPLICATE_METHOD_MATCH = YES;
				COPY_PHASE_STRIP = NO;
				DEBUG_INFORMATION_FORMAT = "dwarf-with-dsym";
				ENABLE_NS_ASSERTIONS = NO;
				ENABLE_STRICT_OBJC_MSGSEND = YES;
				GCC_C_LANGUAGE_STANDARD = gnu11;
				GCC_NO_COMMON_BLOCKS = YES;
				GCC_WARN_64_TO_32_BIT_CONVERSION = YES;
				GCC_WARN_ABOUT_RETURN_TYPE = YES_ERROR;
				GCC_WARN_UNDECLARED_SELECTOR = YES;
				GCC_WARN_UNINITIALIZED_AUTOS = YES_AGGRESSIVE;
				GCC_WARN_UNUSED_FUNCTION = YES;
				GCC_WARN_UNUSED_VARIABLE = YES;
				IPHONEOS_DEPLOYMENT_TARGET = 16.4;
				MTL_ENABLE_DEBUG_INFO = NO;
				MTL_FAST_MATH = YES;
				SDKROOT = iphoneos;
				SWIFT_COMPILATION_MODE = wholemodule;
				SWIFT_OPTIMIZATION_LEVEL = "-O";
				VALIDATE_PRODUCT = YES;
			};
			name = Release;
		};
		BD93E64229E188BA00C2FA09 /* Debug */ = {
			isa = XCBuildConfiguration;
			buildSettings = {
				ASSETCATALOG_COMPILER_APPICON_NAME = AppIcon;
				ASSETCATALOG_COMPILER_GLOBAL_ACCENT_COLOR_NAME = AccentColor;
				CODE_SIGN_ENTITLEMENTS = WhatIsThis3/WhatIsThis3.entitlements;
				CODE_SIGN_STYLE = Automatic;
				CURRENT_PROJECT_VERSION = 1;
				DEVELOPMENT_TEAM = 5T77P5BHX5;
				GENERATE_INFOPLIST_FILE = YES;
				INFOPLIST_FILE = WhatIsThis3/Info.plist;
				INFOPLIST_KEY_NSPhotoLibraryUsageDescription = "사진을 가져오기 위한 갤러리 접근이 필요합니다.";
				INFOPLIST_KEY_UIApplicationSupportsIndirectInputEvents = YES;
				INFOPLIST_KEY_UILaunchStoryboardName = LaunchScreen;
				INFOPLIST_KEY_UIMainStoryboardFile = Main;
				INFOPLIST_KEY_UISupportedInterfaceOrientations_iPad = "UIInterfaceOrientationPortrait UIInterfaceOrientationPortraitUpsideDown UIInterfaceOrientationLandscapeLeft UIInterfaceOrientationLandscapeRight";
				INFOPLIST_KEY_UISupportedInterfaceOrientations_iPhone = "UIInterfaceOrientationPortrait UIInterfaceOrientationLandscapeLeft UIInterfaceOrientationLandscapeRight";
				IPHONEOS_DEPLOYMENT_TARGET = 16.4;
				LD_RUNPATH_SEARCH_PATHS = (
					"$(inherited)",
					"@executable_path/Frameworks",
				);
				MARKETING_VERSION = 1.0;
				PRODUCT_BUNDLE_IDENTIFIER = com.eunji.WhatIsThis3;
				PRODUCT_NAME = "$(TARGET_NAME)";
				SWIFT_EMIT_LOC_STRINGS = YES;
				SWIFT_VERSION = 5.0;
				TARGETED_DEVICE_FAMILY = "1,2";
			};
			name = Debug;
		};
		BD93E64329E188BA00C2FA09 /* Release */ = {
			isa = XCBuildConfiguration;
			buildSettings = {
				ASSETCATALOG_COMPILER_APPICON_NAME = AppIcon;
				ASSETCATALOG_COMPILER_GLOBAL_ACCENT_COLOR_NAME = AccentColor;
				CODE_SIGN_ENTITLEMENTS = WhatIsThis3/WhatIsThis3.entitlements;
				CODE_SIGN_STYLE = Automatic;
				CURRENT_PROJECT_VERSION = 1;
				DEVELOPMENT_TEAM = 5T77P5BHX5;
				GENERATE_INFOPLIST_FILE = YES;
				INFOPLIST_FILE = WhatIsThis3/Info.plist;
				INFOPLIST_KEY_NSPhotoLibraryUsageDescription = "사진을 가져오기 위한 갤러리 접근이 필요합니다.";
				INFOPLIST_KEY_UIApplicationSupportsIndirectInputEvents = YES;
				INFOPLIST_KEY_UILaunchStoryboardName = LaunchScreen;
				INFOPLIST_KEY_UIMainStoryboardFile = Main;
				INFOPLIST_KEY_UISupportedInterfaceOrientations_iPad = "UIInterfaceOrientationPortrait UIInterfaceOrientationPortraitUpsideDown UIInterfaceOrientationLandscapeLeft UIInterfaceOrientationLandscapeRight";
				INFOPLIST_KEY_UISupportedInterfaceOrientations_iPhone = "UIInterfaceOrientationPortrait UIInterfaceOrientationLandscapeLeft UIInterfaceOrientationLandscapeRight";
				IPHONEOS_DEPLOYMENT_TARGET = 16.4;
				LD_RUNPATH_SEARCH_PATHS = (
					"$(inherited)",
					"@executable_path/Frameworks",
				);
				MARKETING_VERSION = 1.0;
				PRODUCT_BUNDLE_IDENTIFIER = com.eunji.WhatIsThis3;
				PRODUCT_NAME = "$(TARGET_NAME)";
				SWIFT_EMIT_LOC_STRINGS = YES;
				SWIFT_VERSION = 5.0;
				TARGETED_DEVICE_FAMILY = "1,2";
			};
			name = Release;
		};
/* End XCBuildConfiguration section */

/* Begin XCConfigurationList section */
		BD93E62529E188B800C2FA09 /* Build configuration list for PBXProject "WhatIsThis3" */ = {
			isa = XCConfigurationList;
			buildConfigurations = (
				BD93E63F29E188BA00C2FA09 /* Debug */,
				BD93E64029E188BA00C2FA09 /* Release */,
			);
			defaultConfigurationIsVisible = 0;
			defaultConfigurationName = Release;
		};
		BD93E64129E188BA00C2FA09 /* Build configuration list for PBXNativeTarget "WhatIsThis3" */ = {
			isa = XCConfigurationList;
			buildConfigurations = (
				BD93E64229E188BA00C2FA09 /* Debug */,
				BD93E64329E188BA00C2FA09 /* Release */,
			);
			defaultConfigurationIsVisible = 0;
			defaultConfigurationName = Release;
		};
/* End XCConfigurationList section */

/* Begin XCRemoteSwiftPackageReference section */
		BD93E70129E5357C00C2FA09 /* XCRemoteSwiftPackageReference "firebase-ios-sdk" */ = {
			isa = XCRemoteSwiftPackageReference;
			repositoryURL = "https://github.com/firebase/firebase-ios-sdk";
			requirement = {
				kind = upToNextMajorVersion;
				minimumVersion = 10.0.0;
			};
		};
		BDB9414229E5484600F2EFAE /* XCRemoteSwiftPackageReference "GoogleSignIn-iOS" */ = {
			isa = XCRemoteSwiftPackageReference;
			repositoryURL = "https://github.com/google/GoogleSignIn-iOS";
			requirement = {
				kind = upToNextMajorVersion;
				minimumVersion = 7.0.0;
			};
		};
/* End XCRemoteSwiftPackageReference section */

/* Begin XCSwiftPackageProductDependency section */
		BD93E70229E5357C00C2FA09 /* FirebaseAnalytics */ = {
			isa = XCSwiftPackageProductDependency;
			package = BD93E70129E5357C00C2FA09 /* XCRemoteSwiftPackageReference "firebase-ios-sdk" */;
			productName = FirebaseAnalytics;
		};
		BD93E70429E5357C00C2FA09 /* FirebaseAnalyticsSwift */ = {
			isa = XCSwiftPackageProductDependency;
			package = BD93E70129E5357C00C2FA09 /* XCRemoteSwiftPackageReference "firebase-ios-sdk" */;
			productName = FirebaseAnalyticsSwift;
		};
		BD93E70629E5357C00C2FA09 /* FirebaseAuth */ = {
			isa = XCSwiftPackageProductDependency;
			package = BD93E70129E5357C00C2FA09 /* XCRemoteSwiftPackageReference "firebase-ios-sdk" */;
			productName = FirebaseAuth;
		};
		BD93E70829E5357C00C2FA09 /* FirebaseDatabase */ = {
			isa = XCSwiftPackageProductDependency;
			package = BD93E70129E5357C00C2FA09 /* XCRemoteSwiftPackageReference "firebase-ios-sdk" */;
			productName = FirebaseDatabase;
		};
		BD93E70A29E5357C00C2FA09 /* FirebaseDatabaseSwift */ = {
			isa = XCSwiftPackageProductDependency;
			package = BD93E70129E5357C00C2FA09 /* XCRemoteSwiftPackageReference "firebase-ios-sdk" */;
			productName = FirebaseDatabaseSwift;
		};
		BD93E70C29E5357C00C2FA09 /* FirebaseFirestore */ = {
			isa = XCSwiftPackageProductDependency;
			package = BD93E70129E5357C00C2FA09 /* XCRemoteSwiftPackageReference "firebase-ios-sdk" */;
			productName = FirebaseFirestore;
		};
		BD93E70E29E5357C00C2FA09 /* FirebaseFirestoreSwift */ = {
			isa = XCSwiftPackageProductDependency;
			package = BD93E70129E5357C00C2FA09 /* XCRemoteSwiftPackageReference "firebase-ios-sdk" */;
			productName = FirebaseFirestoreSwift;
		};
		BD93E71029E5357C00C2FA09 /* FirebaseStorage */ = {
			isa = XCSwiftPackageProductDependency;
			package = BD93E70129E5357C00C2FA09 /* XCRemoteSwiftPackageReference "firebase-ios-sdk" */;
			productName = FirebaseStorage;
		};
		BDB9414329E5484600F2EFAE /* GoogleSignIn */ = {
			isa = XCSwiftPackageProductDependency;
			package = BDB9414229E5484600F2EFAE /* XCRemoteSwiftPackageReference "GoogleSignIn-iOS" */;
			productName = GoogleSignIn;
		};
		BDB9414529E5484600F2EFAE /* GoogleSignInSwift */ = {
			isa = XCSwiftPackageProductDependency;
			package = BDB9414229E5484600F2EFAE /* XCRemoteSwiftPackageReference "GoogleSignIn-iOS" */;
			productName = GoogleSignInSwift;
		};
/* End XCSwiftPackageProductDependency section */
	};
	rootObject = BD93E62229E188B800C2FA09 /* Project object */;
}
